
Microsoft Visual Studio Solution File, Format Version 12.00
# Visual Studio Version 17
VisualStudioVersion = 17.6.33829.357
MinimumVisualStudioVersion = 10.0.40219.1
Project("{FAE04EC0-301F-11D3-BF4B-00C04F79EFBC}") = "TVapp", "TVapp.csproj", "{CCC631C9-9C42-4DF3-BAEC-FAD61EE48284}"
EndProject
Global
	GlobalSection(SolutionConfigurationPlatforms) = preSolution
		Debug|Any CPU = Debug|Any CPU
		Release|Any CPU = Release|Any CPU
	EndGlobalSection
	GlobalSection(ProjectConfigurationPlatforms) = postSolution
		{CCC631C9-9C42-4DF3-BAEC-FAD61EE48284}.Debug|Any CPU.ActiveCfg = Debug|Any CPU
		{CCC631C9-9C42-4DF3-BAEC-FAD61EE48284}.Debug|Any CPU.Build.0 = Debug|Any CPU
		{CCC631C9-9C42-4DF3-BAEC-FAD61EE48284}.Release|Any CPU.ActiveCfg = Release|Any CPU
		{CCC631C9-9C42-4DF3-BAEC-FAD61EE48284}.Release|Any CPU.Build.0 = Release|Any CPU
	EndGlobalSection
	GlobalSection(SolutionProperties) = preSolution
		HideSolutionNode = FALSE
	EndGlobalSection
	GlobalSection(ExtensibilityGlobals) = postSolution
		SolutionGuid = {0D746770-ED32-4B5D-81BB-1AD4C5EE5D17}
	EndGlobalSection
EndGlobal
